{
  "object": {
    "pins": [
      {
        "package": "swift-metrics",
        "repositoryURL": "https://github.com/apple/swift-metrics",
        "state": {
          "branch": "master",
          "revision": "d9f63df00c94f36e298360df483bbd962b1c76e1",
          "version": null
        }
      }
    ]
  },
  "version": 1
}
